// !$*UTF8*$!
{
	archiveVersion = 1;
	classes = {
	};
	objectVersion = 56;
	objects = {

/* Begin PBXBuildFile section */
		425A1FCC2CC0C6AB00D4CF50 /* XFormatterApp.swift in Sources */ = {isa = PBXBuildFile; fileRef = 425A1FCB2CC0C6AB00D4CF50 /* XFormatterApp.swift */; };
		425A1FCE2CC0C6AB00D4CF50 /* ContentView.swift in Sources */ = {isa = PBXBuildFile; fileRef = 425A1FCD2CC0C6AB00D4CF50 /* ContentView.swift */; };
		425A1FD02CC0C6AC00D4CF50 /* Assets.xcassets in Resources */ = {isa = PBXBuildFile; fileRef = 425A1FCF2CC0C6AC00D4CF50 /* Assets.xcassets */; };
		425A1FD32CC0C6AC00D4CF50 /* Preview Assets.xcassets in Resources */ = {isa = PBXBuildFile; fileRef = 425A1FD22CC0C6AC00D4CF50 /* Preview Assets.xcassets */; };
		425A1FDE2CC0C6AC00D4CF50 /* XFormatterTests.swift in Sources */ = {isa = PBXBuildFile; fileRef = 425A1FDD2CC0C6AC00D4CF50 /* XFormatterTests.swift */; };
		425A1FE82CC0C6AC00D4CF50 /* XFormatterUITests.swift in Sources */ = {isa = PBXBuildFile; fileRef = 425A1FE72CC0C6AC00D4CF50 /* XFormatterUITests.swift */; };
		425A1FEA2CC0C6AC00D4CF50 /* XFormatterUITestsLaunchTests.swift in Sources */ = {isa = PBXBuildFile; fileRef = 425A1FE92CC0C6AC00D4CF50 /* XFormatterUITestsLaunchTests.swift */; };
		425D99CE2CC0DA080000DB85 /* ConfigurationView.swift in Sources */ = {isa = PBXBuildFile; fileRef = 425D99CD2CC0DA080000DB85 /* ConfigurationView.swift */; };
/* End PBXBuildFile section */

/* Begin PBXContainerItemProxy section */
		425A1FDA2CC0C6AC00D4CF50 /* PBXContainerItemProxy */ = {
			isa = PBXContainerItemProxy;
			containerPortal = 425A1FC02CC0C6AB00D4CF50 /* Project object */;
			proxyType = 1;
			remoteGlobalIDString = 425A1FC72CC0C6AB00D4CF50;
			remoteInfo = XFormatter;
		};
		425A1FE42CC0C6AC00D4CF50 /* PBXContainerItemProxy */ = {
			isa = PBXContainerItemProxy;
			containerPortal = 425A1FC02CC0C6AB00D4CF50 /* Project object */;
			proxyType = 1;
			remoteGlobalIDString = 425A1FC72CC0C6AB00D4CF50;
			remoteInfo = XFormatter;
		};
/* End PBXContainerItemProxy section */

/* Begin PBXFileReference section */
		425A1FC82CC0C6AB00D4CF50 /* XFormatter.app */ = {isa = PBXFileReference; explicitFileType = wrapper.application; includeInIndex = 0; path = XFormatter.app; sourceTree = BUILT_PRODUCTS_DIR; };
		425A1FCB2CC0C6AB00D4CF50 /* XFormatterApp.swift */ = {isa = PBXFileReference; lastKnownFileType = sourcecode.swift; path = XFormatterApp.swift; sourceTree = "<group>"; };
		425A1FCD2CC0C6AB00D4CF50 /* ContentView.swift */ = {isa = PBXFileReference; lastKnownFileType = sourcecode.swift; path = ContentView.swift; sourceTree = "<group>"; };
		425A1FCF2CC0C6AC00D4CF50 /* Assets.xcassets */ = {isa = PBXFileReference; lastKnownFileType = folder.assetcatalog; path = Assets.xcassets; sourceTree = "<group>"; };
		425A1FD22CC0C6AC00D4CF50 /* Preview Assets.xcassets */ = {isa = PBXFileReference; lastKnownFileType = folder.assetcatalog; path = "Preview Assets.xcassets"; sourceTree = "<group>"; };
		425A1FD42CC0C6AC00D4CF50 /* XFormatter.entitlements */ = {isa = PBXFileReference; lastKnownFileType = text.plist.entitlements; path = XFormatter.entitlements; sourceTree = "<group>"; };
		425A1FD92CC0C6AC00D4CF50 /* XFormatterTests.xctest */ = {isa = PBXFileReference; explicitFileType = wrapper.cfbundle; includeInIndex = 0; path = XFormatterTests.xctest; sourceTree = BUILT_PRODUCTS_DIR; };
		425A1FDD2CC0C6AC00D4CF50 /* XFormatterTests.swift */ = {isa = PBXFileReference; lastKnownFileType = sourcecode.swift; path = XFormatterTests.swift; sourceTree = "<group>"; };
		425A1FE32CC0C6AC00D4CF50 /* XFormatterUITests.xctest */ = {isa = PBXFileReference; explicitFileType = wrapper.cfbundle; includeInIndex = 0; path = XFormatterUITests.xctest; sourceTree = BUILT_PRODUCTS_DIR; };
		425A1FE72CC0C6AC00D4CF50 /* XFormatterUITests.swift */ = {isa = PBXFileReference; lastKnownFileType = sourcecode.swift; path = XFormatterUITests.swift; sourceTree = "<group>"; };
		425A1FE92CC0C6AC00D4CF50 /* XFormatterUITestsLaunchTests.swift */ = {isa = PBXFileReference; lastKnownFileType = sourcecode.swift; path = XFormatterUITestsLaunchTests.swift; sourceTree = "<group>"; };
		425D99CD2CC0DA080000DB85 /* ConfigurationView.swift */ = {isa = PBXFileReference; lastKnownFileType = sourcecode.swift; path = ConfigurationView.swift; sourceTree = "<group>"; };
/* End PBXFileReference section */

/* Begin PBXFrameworksBuildPhase section */
		425A1FC52CC0C6AB00D4CF50 /* Frameworks */ = {
			isa = PBXFrameworksBuildPhase;
			buildActionMask = 2147483647;
			files = (
			);
			runOnlyForDeploymentPostprocessing = 0;
		};
		425A1FD62CC0C6AC00D4CF50 /* Frameworks */ = {
			isa = PBXFrameworksBuildPhase;
			buildActionMask = 2147483647;
			files = (
			);
			runOnlyForDeploymentPostprocessing = 0;
		};
		425A1FE02CC0C6AC00D4CF50 /* Frameworks */ = {
			isa = PBXFrameworksBuildPhase;
			buildActionMask = 2147483647;
			files = (
			);
			runOnlyForDeploymentPostprocessing = 0;
		};
/* End PBXFrameworksBuildPhase section */

/* Begin PBXGroup section */
		425A1FBF2CC0C6AB00D4CF50 = {
			isa = PBXGroup;
			children = (
				425A1FCA2CC0C6AB00D4CF50 /* XFormatter */,
				425A1FDC2CC0C6AC00D4CF50 /* XFormatterTests */,
				425A1FE62CC0C6AC00D4CF50 /* XFormatterUITests */,
				425A1FC92CC0C6AB00D4CF50 /* Products */,
			);
			sourceTree = "<group>";
		};
		425A1FC92CC0C6AB00D4CF50 /* Products */ = {
			isa = PBXGroup;
			children = (
				425A1FC82CC0C6AB00D4CF50 /* XFormatter.app */,
				425A1FD92CC0C6AC00D4CF50 /* XFormatterTests.xctest */,
				425A1FE32CC0C6AC00D4CF50 /* XFormatterUITests.xctest */,
			);
			name = Products;
			sourceTree = "<group>";
		};
		425A1FCA2CC0C6AB00D4CF50 /* XFormatter */ = {
			isa = PBXGroup;
			children = (
				425A1FCB2CC0C6AB00D4CF50 /* XFormatterApp.swift */,
				425A1FCD2CC0C6AB00D4CF50 /* ContentView.swift */,
				425A1FCF2CC0C6AC00D4CF50 /* Assets.xcassets */,
				425A1FD42CC0C6AC00D4CF50 /* XFormatter.entitlements */,
				425A1FD12CC0C6AC00D4CF50 /* Preview Content */,
				425D99CD2CC0DA080000DB85 /* ConfigurationView.swift */,
			);
			path = XFormatter;
			sourceTree = "<group>";
		};
		425A1FD12CC0C6AC00D4CF50 /* Preview Content */ = {
			isa = PBXGroup;
			children = (
				425A1FD22CC0C6AC00D4CF50 /* Preview Assets.xcassets */,
			);
			path = "Preview Content";
			sourceTree = "<group>";
		};
		425A1FDC2CC0C6AC00D4CF50 /* XFormatterTests */ = {
			isa = PBXGroup;
			children = (
				425A1FDD2CC0C6AC00D4CF50 /* XFormatterTests.swift */,
			);
			path = XFormatterTests;
			sourceTree = "<group>";
		};
		425A1FE62CC0C6AC00D4CF50 /* XFormatterUITests */ = {
			isa = PBXGroup;
			children = (
				425A1FE72CC0C6AC00D4CF50 /* XFormatterUITests.swift */,
				425A1FE92CC0C6AC00D4CF50 /* XFormatterUITestsLaunchTests.swift */,
			);
			path = XFormatterUITests;
			sourceTree = "<group>";
		};
/* End PBXGroup section */

/* Begin PBXNativeTarget section */
		425A1FC72CC0C6AB00D4CF50 /* XFormatter */ = {
			isa = PBXNativeTarget;
			buildConfigurationList = 425A1FED2CC0C6AC00D4CF50 /* Build configuration list for PBXNativeTarget "XFormatter" */;
			buildPhases = (
				425A1FC42CC0C6AB00D4CF50 /* Sources */,
				425A1FC52CC0C6AB00D4CF50 /* Frameworks */,
				425A1FC62CC0C6AB00D4CF50 /* Resources */,
			);
			buildRules = (
			);
			dependencies = (
			);
			name = XFormatter;
			productName = XFormatter;
			productReference = 425A1FC82CC0C6AB00D4CF50 /* XFormatter.app */;
			productType = "com.apple.product-type.application";
		};
		425A1FD82CC0C6AC00D4CF50 /* XFormatterTests */ = {
			isa = PBXNativeTarget;
			buildConfigurationList = 425A1FF02CC0C6AC00D4CF50 /* Build configuration list for PBXNativeTarget "XFormatterTests" */;
			buildPhases = (
				425A1FD52CC0C6AC00D4CF50 /* Sources */,
				425A1FD62CC0C6AC00D4CF50 /* Frameworks */,
				425A1FD72CC0C6AC00D4CF50 /* Resources */,
			);
			buildRules = (
			);
			dependencies = (
				425A1FDB2CC0C6AC00D4CF50 /* PBXTargetDependency */,
			);
			name = XFormatterTests;
			productName = XFormatterTests;
			productReference = 425A1FD92CC0C6AC00D4CF50 /* XFormatterTests.xctest */;
			productType = "com.apple.product-type.bundle.unit-test";
		};
		425A1FE22CC0C6AC00D4CF50 /* XFormatterUITests */ = {
			isa = PBXNativeTarget;
			buildConfigurationList = 425A1FF32CC0C6AC00D4CF50 /* Build configuration list for PBXNativeTarget "XFormatterUITests" */;
			buildPhases = (
				425A1FDF2CC0C6AC00D4CF50 /* Sources */,
				425A1FE02CC0C6AC00D4CF50 /* Frameworks */,
				425A1FE12CC0C6AC00D4CF50 /* Resources */,
			);
			buildRules = (
			);
			dependencies = (
				425A1FE52CC0C6AC00D4CF50 /* PBXTargetDependency */,
			);
			name = XFormatterUITests;
			productName = XFormatterUITests;
			productReference = 425A1FE32CC0C6AC00D4CF50 /* XFormatterUITests.xctest */;
			productType = "com.apple.product-type.bundle.ui-testing";
		};
/* End PBXNativeTarget section */

/* Begin PBXProject section */
		425A1FC02CC0C6AB00D4CF50 /* Project object */ = {
			isa = PBXProject;
			attributes = {
				BuildIndependentTargetsInParallel = 1;
				LastSwiftUpdateCheck = 1500;
				LastUpgradeCheck = 1500;
				TargetAttributes = {
					425A1FC72CC0C6AB00D4CF50 = {
						CreatedOnToolsVersion = 15.0;
					};
					425A1FD82CC0C6AC00D4CF50 = {
						CreatedOnToolsVersion = 15.0;
						TestTargetID = 425A1FC72CC0C6AB00D4CF50;
					};
					425A1FE22CC0C6AC00D4CF50 = {
						CreatedOnToolsVersion = 15.0;
						TestTargetID = 425A1FC72CC0C6AB00D4CF50;
					};
				};
			};
			buildConfigurationList = 425A1FC32CC0C6AB00D4CF50 /* Build configuration list for PBXProject "XFormatter" */;
			compatibilityVersion = "Xcode 14.0";
			developmentRegion = en;
			hasScannedForEncodings = 0;
			knownRegions = (
				en,
				Base,
			);
			mainGroup = 425A1FBF2CC0C6AB00D4CF50;
			productRefGroup = 425A1FC92CC0C6AB00D4CF50 /* Products */;
			projectDirPath = "";
			projectRoot = "";
			targets = (
				425A1FC72CC0C6AB00D4CF50 /* XFormatter */,
				425A1FD82CC0C6AC00D4CF50 /* XFormatterTests */,
				425A1FE22CC0C6AC00D4CF50 /* XFormatterUITests */,
			);
		};
/* End PBXProject section */

/* Begin PBXResourcesBuildPhase section */
		425A1FC62CC0C6AB00D4CF50 /* Resources */ = {
			isa = PBXResourcesBuildPhase;
			buildActionMask = 2147483647;
			files = (
				425A1FD32CC0C6AC00D4CF50 /* Preview Assets.xcassets in Resources */,
				425A1FD02CC0C6AC00D4CF50 /* Assets.xcassets in Resources */,
			);
			runOnlyForDeploymentPostprocessing = 0;
		};
		425A1FD72CC0C6AC00D4CF50 /* Resources */ = {
			isa = PBXResourcesBuildPhase;
			buildActionMask = 2147483647;
			files = (
			);
			runOnlyForDeploymentPostprocessing = 0;
		};
		425A1FE12CC0C6AC00D4CF50 /* Resources */ = {
			isa = PBXResourcesBuildPhase;
			buildActionMask = 2147483647;
			files = (
			);
			runOnlyForDeploymentPostprocessing = 0;
		};
/* End PBXResourcesBuildPhase section */

/* Begin PBXSourcesBuildPhase section */
		425A1FC42CC0C6AB00D4CF50 /* Sources */ = {
			isa = PBXSourcesBuildPhase;
			buildActionMask = 2147483647;
			files = (
				425A1FCE2CC0C6AB00D4CF50 /* ContentView.swift in Sources */,
				425D99CE2CC0DA080000DB85 /* ConfigurationView.swift in Sources */,
				425A1FCC2CC0C6AB00D4CF50 /* XFormatterApp.swift in Sources */,
			);
			runOnlyForDeploymentPostprocessing = 0;
		};
		425A1FD52CC0C6AC00D4CF50 /* Sources */ = {
			isa = PBXSourcesBuildPhase;
			buildActionMask = 2147483647;
			files = (
				425A1FDE2CC0C6AC00D4CF50 /* XFormatterTests.swift in Sources */,
			);
			runOnlyForDeploymentPostprocessing = 0;
		};
		425A1FDF2CC0C6AC00D4CF50 /* Sources */ = {
			isa = PBXSourcesBuildPhase;
			buildActionMask = 2147483647;
			files = (
				425A1FEA2CC0C6AC00D4CF50 /* XFormatterUITestsLaunchTests.swift in Sources */,
				425A1FE82CC0C6AC00D4CF50 /* XFormatterUITests.swift in Sources */,
			);
			runOnlyForDeploymentPostprocessing = 0;
		};
/* End PBXSourcesBuildPhase section */

/* Begin PBXTargetDependency section */
		425A1FDB2CC0C6AC00D4CF50 /* PBXTargetDependency */ = {
			isa = PBXTargetDependency;
			target = 425A1FC72CC0C6AB00D4CF50 /* XFormatter */;
			targetProxy = 425A1FDA2CC0C6AC00D4CF50 /* PBXContainerItemProxy */;
		};
		425A1FE52CC0C6AC00D4CF50 /* PBXTargetDependency */ = {
			isa = PBXTargetDependency;
			target = 425A1FC72CC0C6AB00D4CF50 /* XFormatter */;
			targetProxy = 425A1FE42CC0C6AC00D4CF50 /* PBXContainerItemProxy */;
		};
/* End PBXTargetDependency section */

/* Begin XCBuildConfiguration section */
		425A1FEB2CC0C6AC00D4CF50 /* Debug */ = {
			isa = XCBuildConfiguration;
			buildSettings = {
				ALWAYS_SEARCH_USER_PATHS = NO;
				ASSETCATALOG_COMPILER_GENERATE_SWIFT_ASSET_SYMBOL_EXTENSIONS = YES;
				CLANG_ANALYZER_NONNULL = YES;
				CLANG_ANALYZER_NUMBER_OBJECT_CONVERSION = YES_AGGRESSIVE;
				CLANG_CXX_LANGUAGE_STANDARD = "gnu++20";
				CLANG_ENABLE_MODULES = YES;
				CLANG_ENABLE_OBJC_ARC = YES;
				CLANG_ENABLE_OBJC_WEAK = YES;
				CLANG_WARN_BLOCK_CAPTURE_AUTORELEASING = YES;
				CLANG_WARN_BOOL_CONVERSION = YES;
				CLANG_WARN_COMMA = YES;
				CLANG_WARN_CONSTANT_CONVERSION = YES;
				CLANG_WARN_DEPRECATED_OBJC_IMPLEMENTATIONS = YES;
				CLANG_WARN_DIRECT_OBJC_ISA_USAGE = YES_ERROR;
				CLANG_WARN_DOCUMENTATION_COMMENTS = YES;
				CLANG_WARN_EMPTY_BODY = YES;
				CLANG_WARN_ENUM_CONVERSION = YES;
				CLANG_WARN_INFINITE_RECURSION = YES;
				CLANG_WARN_INT_CONVERSION = YES;
				CLANG_WARN_NON_LITERAL_NULL_CONVERSION = YES;
				CLANG_WARN_OBJC_IMPLICIT_RETAIN_SELF = YES;
				CLANG_WARN_OBJC_LITERAL_CONVERSION = YES;
				CLANG_WARN_OBJC_ROOT_CLASS = YES_ERROR;
				CLANG_WARN_QUOTED_INCLUDE_IN_FRAMEWORK_HEADER = YES;
				CLANG_WARN_RANGE_LOOP_ANALYSIS = YES;
				CLANG_WARN_STRICT_PROTOTYPES = YES;
				CLANG_WARN_SUSPICIOUS_MOVE = YES;
				CLANG_WARN_UNGUARDED_AVAILABILITY = YES_AGGRESSIVE;
				CLANG_WARN_UNREACHABLE_CODE = YES;
				CLANG_WARN__DUPLICATE_METHOD_MATCH = YES;
				COPY_PHASE_STRIP = NO;
				DEBUG_INFORMATION_FORMAT = dwarf;
				ENABLE_STRICT_OBJC_MSGSEND = YES;
				ENABLE_TESTABILITY = YES;
				ENABLE_USER_SCRIPT_SANDBOXING = NO;
				GCC_C_LANGUAGE_STANDARD = gnu17;
				GCC_DYNAMIC_NO_PIC = NO;
				GCC_NO_COMMON_BLOCKS = YES;
				GCC_OPTIMIZATION_LEVEL = 0;
				GCC_PREPROCESSOR_DEFINITIONS = (
					"DEBUG=1",
					"$(inherited)",
				);
				GCC_WARN_64_TO_32_BIT_CONVERSION = YES;
				GCC_WARN_ABOUT_RETURN_TYPE = YES_ERROR;
				GCC_WARN_UNDECLARED_SELECTOR = YES;
				GCC_WARN_UNINITIALIZED_AUTOS = YES_AGGRESSIVE;
				GCC_WARN_UNUSED_FUNCTION = YES;
				GCC_WARN_UNUSED_VARIABLE = YES;
				LOCALIZATION_PREFERS_STRING_CATALOGS = YES;
				MACOSX_DEPLOYMENT_TARGET = 13.5;
				MTL_ENABLE_DEBUG_INFO = INCLUDE_SOURCE;
				MTL_FAST_MATH = YES;
				ONLY_ACTIVE_ARCH = YES;
				SDKROOT = macosx;
				SWIFT_ACTIVE_COMPILATION_CONDITIONS = "DEBUG $(inherited)";
				SWIFT_OPTIMIZATION_LEVEL = "-Onone";
			};
			name = Debug;
		};
		425A1FEC2CC0C6AC00D4CF50 /* Release */ = {
			isa = XCBuildConfiguration;
			buildSettings = {
				ALWAYS_SEARCH_USER_PATHS = NO;
				ASSETCATALOG_COMPILER_GENERATE_SWIFT_ASSET_SYMBOL_EXTENSIONS = YES;
				CLANG_ANALYZER_NONNULL = YES;
				CLANG_ANALYZER_NUMBER_OBJECT_CONVERSION = YES_AGGRESSIVE;
				CLANG_CXX_LANGUAGE_STANDARD = "gnu++20";
				CLANG_ENABLE_MODULES = YES;
				CLANG_ENABLE_OBJC_ARC = YES;
				CLANG_ENABLE_OBJC_WEAK = YES;
				CLANG_WARN_BLOCK_CAPTURE_AUTORELEASING = YES;
				CLANG_WARN_BOOL_CONVERSION = YES;
				CLANG_WARN_COMMA = YES;
				CLANG_WARN_CONSTANT_CONVERSION = YES;
				CLANG_WARN_DEPRECATED_OBJC_IMPLEMENTATIONS = YES;
				CLANG_WARN_DIRECT_OBJC_ISA_USAGE = YES_ERROR;
				CLANG_WARN_DOCUMENTATION_COMMENTS = YES;
				CLANG_WARN_EMPTY_BODY = YES;
				CLANG_WARN_ENUM_CONVERSION = YES;
				CLANG_WARN_INFINITE_RECURSION = YES;
				CLANG_WARN_INT_CONVERSION = YES;
				CLANG_WARN_NON_LITERAL_NULL_CONVERSION = YES;
				CLANG_WARN_OBJC_IMPLICIT_RETAIN_SELF = YES;
				CLANG_WARN_OBJC_LITERAL_CONVERSION = YES;
				CLANG_WARN_OBJC_ROOT_CLASS = YES_ERROR;
				CLANG_WARN_QUOTED_INCLUDE_IN_FRAMEWORK_HEADER = YES;
				CLANG_WARN_RANGE_LOOP_ANALYSIS = YES;
				CLANG_WARN_STRICT_PROTOTYPES = YES;
				CLANG_WARN_SUSPICIOUS_MOVE = YES;
				CLANG_WARN_UNGUARDED_AVAILABILITY = YES_AGGRESSIVE;
				CLANG_WARN_UNREACHABLE_CODE = YES;
				CLANG_WARN__DUPLICATE_METHOD_MATCH = YES;
				COPY_PHASE_STRIP = NO;
				DEBUG_INFORMATION_FORMAT = "dwarf-with-dsym";
				ENABLE_NS_ASSERTIONS = NO;
				ENABLE_STRICT_OBJC_MSGSEND = YES;
				ENABLE_USER_SCRIPT_SANDBOXING = NO;
				GCC_C_LANGUAGE_STANDARD = gnu17;
				GCC_NO_COMMON_BLOCKS = YES;
				GCC_WARN_64_TO_32_BIT_CONVERSION = YES;
				GCC_WARN_ABOUT_RETURN_TYPE = YES_ERROR;
				GCC_WARN_UNDECLARED_SELECTOR = YES;
				GCC_WARN_UNINITIALIZED_AUTOS = YES_AGGRESSIVE;
				GCC_WARN_UNUSED_FUNCTION = YES;
				GCC_WARN_UNUSED_VARIABLE = YES;
				LOCALIZATION_PREFERS_STRING_CATALOGS = YES;
				MACOSX_DEPLOYMENT_TARGET = 13.5;
				MTL_ENABLE_DEBUG_INFO = NO;
				MTL_FAST_MATH = YES;
				SDKROOT = macosx;
				SWIFT_COMPILATION_MODE = wholemodule;
			};
			name = Release;
		};
		425A1FEE2CC0C6AC00D4CF50 /* Debug */ = {
			isa = XCBuildConfiguration;
			buildSettings = {
				ASSETCATALOG_COMPILER_APPICON_NAME = AppIcon;
				ASSETCATALOG_COMPILER_GLOBAL_ACCENT_COLOR_NAME = AccentColor;
				CODE_SIGN_ENTITLEMENTS = XFormatter/XFormatter.entitlements;
				CODE_SIGN_IDENTITY = "Apple Development";
				"CODE_SIGN_IDENTITY[sdk=macosx*]" = "Apple Development";
				CODE_SIGN_STYLE = Automatic;
				COMBINE_HIDPI_IMAGES = YES;
				CURRENT_PROJECT_VERSION = 1;
				DEVELOPMENT_ASSET_PATHS = "\"XFormatter/Preview Content\"";
				DEVELOPMENT_TEAM = B474N39X96;
				ENABLE_HARDENED_RUNTIME = YES;
				ENABLE_PREVIEWS = YES;
				ENABLE_USER_SCRIPT_SANDBOXING = NO;
				GENERATE_INFOPLIST_FILE = YES;
				INFOPLIST_KEY_NSHumanReadableCopyright = "";
				LD_RUNPATH_SEARCH_PATHS = (
					"$(inherited)",
					"@executable_path/../Frameworks",
				);
				MARKETING_VERSION = 1.0;
				PRODUCT_BUNDLE_IDENTIFIER = heybytes.XFormatter;
				PRODUCT_NAME = "$(TARGET_NAME)";
				PROVISIONING_PROFILE_SPECIFIER = "";
				SWIFT_EMIT_LOC_STRINGS = YES;
				SWIFT_VERSION = 5.0;
			};
			name = Debug;
		};
		425A1FEF2CC0C6AC00D4CF50 /* Release */ = {
			isa = XCBuildConfiguration;
			buildSettings = {
				ASSETCATALOG_COMPILER_APPICON_NAME = AppIcon;
				ASSETCATALOG_COMPILER_GLOBAL_ACCENT_COLOR_NAME = AccentColor;
				CODE_SIGN_ENTITLEMENTS = XFormatter/XFormatter.entitlements;
				CODE_SIGN_IDENTITY = "Apple Development";
				"CODE_SIGN_IDENTITY[sdk=macosx*]" = "Apple Development";
				CODE_SIGN_STYLE = Automatic;
				COMBINE_HIDPI_IMAGES = YES;
				CURRENT_PROJECT_VERSION = 1;
				DEVELOPMENT_ASSET_PATHS = "\"XFormatter/Preview Content\"";
				DEVELOPMENT_TEAM = B474N39X96;
				ENABLE_HARDENED_RUNTIME = YES;
				ENABLE_PREVIEWS = YES;
				ENABLE_USER_SCRIPT_SANDBOXING = NO;
				GENERATE_INFOPLIST_FILE = YES;
				INFOPLIST_KEY_NSHumanReadableCopyright = "";
				LD_RUNPATH_SEARCH_PATHS = (
					"$(inherited)",
					"@executable_path/../Frameworks",
				);
				MARKETING_VERSION = 1.0;
				PRODUCT_BUNDLE_IDENTIFIER = heybytes.XFormatter;
				PRODUCT_NAME = "$(TARGET_NAME)";
				PROVISIONING_PROFILE_SPECIFIER = "";
				SWIFT_EMIT_LOC_STRINGS = YES;
				SWIFT_VERSION = 5.0;
			};
			name = Release;
		};
		425A1FF12CC0C6AC00D4CF50 /* Debug */ = {
			isa = XCBuildConfiguration;
			buildSettings = {
				ALWAYS_EMBED_SWIFT_STANDARD_LIBRARIES = YES;
				BUNDLE_LOADER = "$(TEST_HOST)";
				CODE_SIGN_STYLE = Automatic;
				CURRENT_PROJECT_VERSION = 1;
				GENERATE_INFOPLIST_FILE = YES;
				MACOSX_DEPLOYMENT_TARGET = 13.5;
				MARKETING_VERSION = 1.0;
				PRODUCT_BUNDLE_IDENTIFIER = heybytes.XFormatterTests;
				PRODUCT_NAME = "$(TARGET_NAME)";
				SWIFT_EMIT_LOC_STRINGS = NO;
				SWIFT_VERSION = 5.0;
				TEST_HOST = "$(BUILT_PRODUCTS_DIR)/XFormatter.app/$(BUNDLE_EXECUTABLE_FOLDER_PATH)/XFormatter";
			};
			name = Debug;
		};
		425A1FF22CC0C6AC00D4CF50 /* Release */ = {
			isa = XCBuildConfiguration;
			buildSettings = {
				ALWAYS_EMBED_SWIFT_STANDARD_LIBRARIES = YES;
				BUNDLE_LOADER = "$(TEST_HOST)";
				CODE_SIGN_STYLE = Automatic;
				CURRENT_PROJECT_VERSION = 1;
				GENERATE_INFOPLIST_FILE = YES;
				MACOSX_DEPLOYMENT_TARGET = 13.5;
				MARKETING_VERSION = 1.0;
				PRODUCT_BUNDLE_IDENTIFIER = heybytes.XFormatterTests;
				PRODUCT_NAME = "$(TARGET_NAME)";
				SWIFT_EMIT_LOC_STRINGS = NO;
				SWIFT_VERSION = 5.0;
				TEST_HOST = "$(BUILT_PRODUCTS_DIR)/XFormatter.app/$(BUNDLE_EXECUTABLE_FOLDER_PATH)/XFormatter";
			};
			name = Release;
		};
		425A1FF42CC0C6AC00D4CF50 /* Debug */ = {
			isa = XCBuildConfiguration;
			buildSettings = {
				ALWAYS_EMBED_SWIFT_STANDARD_LIBRARIES = YES;
				CODE_SIGN_STYLE = Automatic;
				CURRENT_PROJECT_VERSION = 1;
				GENERATE_INFOPLIST_FILE = YES;
				MARKETING_VERSION = 1.0;
				PRODUCT_BUNDLE_IDENTIFIER = heybytes.XFormatterUITests;
				PRODUCT_NAME = "$(TARGET_NAME)";
				SWIFT_EMIT_LOC_STRINGS = NO;
				SWIFT_VERSION = 5.0;
				TEST_TARGET_NAME = XFormatter;
			};
			name = Debug;
		};
		425A1FF52CC0C6AC00D4CF50 /* Release */ = {
			isa = XCBuildConfiguration;
			buildSettings = {
				ALWAYS_EMBED_SWIFT_STANDARD_LIBRARIES = YES;
				CODE_SIGN_STYLE = Automatic;
				CURRENT_PROJECT_VERSION = 1;
				GENERATE_INFOPLIST_FILE = YES;
				MARKETING_VERSION = 1.0;
				PRODUCT_BUNDLE_IDENTIFIER = heybytes.XFormatterUITests;
				PRODUCT_NAME = "$(TARGET_NAME)";
				SWIFT_EMIT_LOC_STRINGS = NO;
				SWIFT_VERSION = 5.0;
				TEST_TARGET_NAME = XFormatter;
			};
			name = Release;
		};
/* End XCBuildConfiguration section */

/* Begin XCConfigurationList section */
		425A1FC32CC0C6AB00D4CF50 /* Build configuration list for PBXProject "XFormatter" */ = {
			isa = XCConfigurationList;
			buildConfigurations = (
				425A1FEB2CC0C6AC00D4CF50 /* Debug */,
				425A1FEC2CC0C6AC00D4CF50 /* Release */,
			);
			defaultConfigurationIsVisible = 0;
			defaultConfigurationName = Release;
		};
		425A1FED2CC0C6AC00D4CF50 /* Build configuration list for PBXNativeTarget "XFormatter" */ = {
			isa = XCConfigurationList;
			buildConfigurations = (
				425A1FEE2CC0C6AC00D4CF50 /* Debug */,
				425A1FEF2CC0C6AC00D4CF50 /* Release */,
			);
			defaultConfigurationIsVisible = 0;
			defaultConfigurationName = Release;
		};
		425A1FF02CC0C6AC00D4CF50 /* Build configuration list for PBXNativeTarget "XFormatterTests" */ = {
			isa = XCConfigurationList;
			buildConfigurations = (
				425A1FF12CC0C6AC00D4CF50 /* Debug */,
				425A1FF22CC0C6AC00D4CF50 /* Release */,
			);
			defaultConfigurationIsVisible = 0;
			defaultConfigurationName = Release;
		};
		425A1FF32CC0C6AC00D4CF50 /* Build configuration list for PBXNativeTarget "XFormatterUITests" */ = {
			isa = XCConfigurationList;
			buildConfigurations = (
				425A1FF42CC0C6AC00D4CF50 /* Debug */,
				425A1FF52CC0C6AC00D4CF50 /* Release */,
			);
			defaultConfigurationIsVisible = 0;
			defaultConfigurationName = Release;
		};
/* End XCConfigurationList section */
	};
	rootObject = 425A1FC02CC0C6AB00D4CF50 /* Project object */;
}
